
Microsoft Visual Studio Solution File, Format Version 11.00
# Visual Studio 2010
Project("{FAE04EC0-301F-11D3-BF4B-00C04F79EFBC}") = "WordNet", "WordNet.csproj", "{F2549085-7893-4B99-820F-5E582993A0AE}"
EndProject
Project("{FAE04EC0-301F-11D3-BF4B-00C04F79EFBC}") = "ArthaWP7", "..\ArthaWP7\ArthaWP7.csproj", "{FC471AC7-0B24-4CC4-85BD-48EA7A4685FE}"
EndProject
Global
	GlobalSection(SolutionConfigurationPlatforms) = preSolution
		Debug|Any CPU = Debug|Any CPU
		Release|Any CPU = Release|Any CPU
	EndGlobalSection
	GlobalSection(ProjectConfigurationPlatforms) = postSolution
		{F2549085-7893-4B99-820F-5E582993A0AE}.Debug|Any CPU.ActiveCfg = Debug|Any CPU
		{F2549085-7893-4B99-820F-5E582993A0AE}.Debug|Any CPU.Build.0 = Debug|Any CPU
		{F2549085-7893-4B99-820F-5E582993A0AE}.Release|Any CPU.ActiveCfg = Release|Any CPU
		{F2549085-7893-4B99-820F-5E582993A0AE}.Release|Any CPU.Build.0 = Release|Any CPU
		{FC471AC7-0B24-4CC4-85BD-48EA7A4685FE}.Debug|Any CPU.ActiveCfg = Debug|Any CPU
		{FC471AC7-0B24-4CC4-85BD-48EA7A4685FE}.Debug|Any CPU.Build.0 = Debug|Any CPU
		{FC471AC7-0B24-4CC4-85BD-48EA7A4685FE}.Debug|Any CPU.Deploy.0 = Debug|Any CPU
		{FC471AC7-0B24-4CC4-85BD-48EA7A4685FE}.Release|Any CPU.ActiveCfg = Release|Any CPU
		{FC471AC7-0B24-4CC4-85BD-48EA7A4685FE}.Release|Any CPU.Build.0 = Release|Any CPU
		{FC471AC7-0B24-4CC4-85BD-48EA7A4685FE}.Release|Any CPU.Deploy.0 = Release|Any CPU
	EndGlobalSection
	GlobalSection(SolutionProperties) = preSolution
		HideSolutionNode = FALSE
	EndGlobalSection
EndGlobal
